
Microsoft Visual Studio Solution File, Format Version 12.00
# Visual Studio Version 17
VisualStudioVersion = 17.11.35312.102
MinimumVisualStudioVersion = 10.0.40219.1
Project("{FAE04EC0-301F-11D3-BF4B-00C04F79EFBC}") = "rzd", "rzd\rzd.csproj", "{4E4982F7-C841-4552-8CE8-57C25911CDC5}"
EndProject
Global
	GlobalSection(SolutionConfigurationPlatforms) = preSolution
		Debug|Any CPU = Debug|Any CPU
		Release|Any CPU = Release|Any CPU
	EndGlobalSection
	GlobalSection(ProjectConfigurationPlatforms) = postSolution
		{4E4982F7-C841-4552-8CE8-57C25911CDC5}.Debug|Any CPU.ActiveCfg = Debug|Any CPU
		{4E4982F7-C841-4552-8CE8-57C25911CDC5}.Debug|Any CPU.Build.0 = Debug|Any CPU
		{4E4982F7-C841-4552-8CE8-57C25911CDC5}.Release|Any CPU.ActiveCfg = Release|Any CPU
		{4E4982F7-C841-4552-8CE8-57C25911CDC5}.Release|Any CPU.Build.0 = Release|Any CPU
	EndGlobalSection
	GlobalSection(SolutionProperties) = preSolution
		HideSolutionNode = FALSE
	EndGlobalSection
	GlobalSection(ExtensibilityGlobals) = postSolution
		SolutionGuid = {595ECB7A-9100-4E24-B077-780C7170F344}
	EndGlobalSection
EndGlobal
